
Microsoft Visual Studio Solution File, Format Version 12.00
# Visual Studio Version 16
VisualStudioVersion = 16.0.29326.143
MinimumVisualStudioVersion = 10.0.40219.1
Project("{FAE04EC0-301F-11D3-BF4B-00C04F79EFBC}") = "AsesoriasWEB", "AsesoriasWEB\AsesoriasWEB.csproj", "{34E64E16-F8CA-495C-89C0-49D042B55BCF}"
EndProject
Global
	GlobalSection(SolutionConfigurationPlatforms) = preSolution
		Debug|Any CPU = Debug|Any CPU
		Release|Any CPU = Release|Any CPU
	EndGlobalSection
	GlobalSection(ProjectConfigurationPlatforms) = postSolution
		{34E64E16-F8CA-495C-89C0-49D042B55BCF}.Debug|Any CPU.ActiveCfg = Debug|Any CPU
		{34E64E16-F8CA-495C-89C0-49D042B55BCF}.Debug|Any CPU.Build.0 = Debug|Any CPU
		{34E64E16-F8CA-495C-89C0-49D042B55BCF}.Release|Any CPU.ActiveCfg = Release|Any CPU
		{34E64E16-F8CA-495C-89C0-49D042B55BCF}.Release|Any CPU.Build.0 = Release|Any CPU
	EndGlobalSection
	GlobalSection(SolutionProperties) = preSolution
		HideSolutionNode = FALSE
	EndGlobalSection
	GlobalSection(ExtensibilityGlobals) = postSolution
		SolutionGuid = {F0577235-274C-4E6C-9EBE-023B9428D5CE}
	EndGlobalSection
EndGlobal
